
Microsoft Visual Studio Solution File, Format Version 12.00
# Visual Studio Version 17
VisualStudioVersion = 17.7.34221.43
MinimumVisualStudioVersion = 10.0.40219.1
Project("{9A19103F-16F7-4668-BE54-9A1E7A4F7556}") = "Utils", "Utils\Utils.csproj", "{A13B5C95-BBA2-4023-B78F-56DD2E04B5C1}"
EndProject
Project("{FAE04EC0-301F-11D3-BF4B-00C04F79EFBC}") = "Day1", "Day1\Day1.csproj", "{97DEF100-861A-4FFE-853C-A83E5B83B900}"
EndProject
Project("{FAE04EC0-301F-11D3-BF4B-00C04F79EFBC}") = "Day2", "Day2\Day2.csproj", "{31310390-94D8-44E1-A879-9376E67C7F6B}"
EndProject
Project("{FAE04EC0-301F-11D3-BF4B-00C04F79EFBC}") = "Day3", "Day3\Day3.csproj", "{DCAD9B13-498C-4615-AF88-198324D831BA}"
EndProject
Project("{FAE04EC0-301F-11D3-BF4B-00C04F79EFBC}") = "Day4", "Day4\Day4.csproj", "{EEA7349A-BC0F-4561-8F0D-64BC3B071742}"
EndProject
Global
	GlobalSection(SolutionConfigurationPlatforms) = preSolution
		Debug|Any CPU = Debug|Any CPU
		Release|Any CPU = Release|Any CPU
	EndGlobalSection
	GlobalSection(ProjectConfigurationPlatforms) = postSolution
		{DAB15ACD-77E4-433F-9E69-F846CE91DB28}.Debug|Any CPU.ActiveCfg = Debug|Any CPU
		{DAB15ACD-77E4-433F-9E69-F846CE91DB28}.Debug|Any CPU.Build.0 = Debug|Any CPU
		{DAB15ACD-77E4-433F-9E69-F846CE91DB28}.Release|Any CPU.ActiveCfg = Release|Any CPU
		{DAB15ACD-77E4-433F-9E69-F846CE91DB28}.Release|Any CPU.Build.0 = Release|Any CPU
		{DBD9B095-F2CB-42CC-B915-6E09F3E92077}.Debug|Any CPU.ActiveCfg = Debug|Any CPU
		{DBD9B095-F2CB-42CC-B915-6E09F3E92077}.Debug|Any CPU.Build.0 = Debug|Any CPU
		{DBD9B095-F2CB-42CC-B915-6E09F3E92077}.Release|Any CPU.ActiveCfg = Release|Any CPU
		{DBD9B095-F2CB-42CC-B915-6E09F3E92077}.Release|Any CPU.Build.0 = Release|Any CPU
		{A13B5C95-BBA2-4023-B78F-56DD2E04B5C1}.Debug|Any CPU.ActiveCfg = Debug|Any CPU
		{A13B5C95-BBA2-4023-B78F-56DD2E04B5C1}.Debug|Any CPU.Build.0 = Debug|Any CPU
		{A13B5C95-BBA2-4023-B78F-56DD2E04B5C1}.Release|Any CPU.ActiveCfg = Release|Any CPU
		{A13B5C95-BBA2-4023-B78F-56DD2E04B5C1}.Release|Any CPU.Build.0 = Release|Any CPU
		{97DEF100-861A-4FFE-853C-A83E5B83B900}.Debug|Any CPU.ActiveCfg = Debug|Any CPU
		{97DEF100-861A-4FFE-853C-A83E5B83B900}.Debug|Any CPU.Build.0 = Debug|Any CPU
		{97DEF100-861A-4FFE-853C-A83E5B83B900}.Release|Any CPU.ActiveCfg = Release|Any CPU
		{97DEF100-861A-4FFE-853C-A83E5B83B900}.Release|Any CPU.Build.0 = Release|Any CPU
		{31310390-94D8-44E1-A879-9376E67C7F6B}.Debug|Any CPU.ActiveCfg = Debug|Any CPU
		{31310390-94D8-44E1-A879-9376E67C7F6B}.Debug|Any CPU.Build.0 = Debug|Any CPU
		{31310390-94D8-44E1-A879-9376E67C7F6B}.Release|Any CPU.ActiveCfg = Release|Any CPU
		{31310390-94D8-44E1-A879-9376E67C7F6B}.Release|Any CPU.Build.0 = Release|Any CPU
		{DCAD9B13-498C-4615-AF88-198324D831BA}.Debug|Any CPU.ActiveCfg = Debug|Any CPU
		{DCAD9B13-498C-4615-AF88-198324D831BA}.Debug|Any CPU.Build.0 = Debug|Any CPU
		{DCAD9B13-498C-4615-AF88-198324D831BA}.Release|Any CPU.ActiveCfg = Release|Any CPU
		{DCAD9B13-498C-4615-AF88-198324D831BA}.Release|Any CPU.Build.0 = Release|Any CPU
		{EEA7349A-BC0F-4561-8F0D-64BC3B071742}.Debug|Any CPU.ActiveCfg = Debug|Any CPU
		{EEA7349A-BC0F-4561-8F0D-64BC3B071742}.Debug|Any CPU.Build.0 = Debug|Any CPU
		{EEA7349A-BC0F-4561-8F0D-64BC3B071742}.Release|Any CPU.ActiveCfg = Release|Any CPU
		{EEA7349A-BC0F-4561-8F0D-64BC3B071742}.Release|Any CPU.Build.0 = Release|Any CPU
	EndGlobalSection
	GlobalSection(SolutionProperties) = preSolution
		HideSolutionNode = FALSE
	EndGlobalSection
	GlobalSection(ExtensibilityGlobals) = postSolution
		SolutionGuid = {D6AB2D01-D913-4E2A-BA1A-E4DB44D01789}
	EndGlobalSection
EndGlobal
